// !$*UTF8*$!
{
	archiveVersion = 1;
	classes = {
	};
	objectVersion = 56;
	objects = {

/* Begin PBXBuildFile section */
		376CD66C2A58B9BE009F20BF /* Recipe_SaverApp.swift in Sources */ = {isa = PBXBuildFile; fileRef = 376CD66B2A58B9BE009F20BF /* Recipe_SaverApp.swift */; };
		376CD66E2A58B9BE009F20BF /* ContentView.swift in Sources */ = {isa = PBXBuildFile; fileRef = 376CD66D2A58B9BE009F20BF /* ContentView.swift */; };
		376CD6702A58B9C1009F20BF /* Assets.xcassets in Resources */ = {isa = PBXBuildFile; fileRef = 376CD66F2A58B9C1009F20BF /* Assets.xcassets */; };
		376CD6742A58B9C1009F20BF /* Preview Assets.xcassets in Resources */ = {isa = PBXBuildFile; fileRef = 376CD6732A58B9C1009F20BF /* Preview Assets.xcassets */; };
		376CD6832A58BC45009F20BF /* HomeView.swift in Sources */ = {isa = PBXBuildFile; fileRef = 376CD6822A58BC45009F20BF /* HomeView.swift */; };
		376CD6852A58BC6E009F20BF /* CategoriesView.swift in Sources */ = {isa = PBXBuildFile; fileRef = 376CD6842A58BC6E009F20BF /* CategoriesView.swift */; };
		376CD6872A58BC94009F20BF /* NewRecipeView.swift in Sources */ = {isa = PBXBuildFile; fileRef = 376CD6862A58BC94009F20BF /* NewRecipeView.swift */; };
		376CD6892A58BCA8009F20BF /* FavoritesView.swift in Sources */ = {isa = PBXBuildFile; fileRef = 376CD6882A58BCA8009F20BF /* FavoritesView.swift */; };
		376CD68B2A58BCB9009F20BF /* SettingsView.swift in Sources */ = {isa = PBXBuildFile; fileRef = 376CD68A2A58BCB9009F20BF /* SettingsView.swift */; };
		376CD68D2A58C183009F20BF /* TabBar.swift in Sources */ = {isa = PBXBuildFile; fileRef = 376CD68C2A58C183009F20BF /* TabBar.swift */; };
		379DAFF02A5B2F370048CB7E /* RecipeModel.swift in Sources */ = {isa = PBXBuildFile; fileRef = 379DAFEF2A5B2F370048CB7E /* RecipeModel.swift */; };
		379DAFF22A5B421A0048CB7E /* RecipeCard.swift in Sources */ = {isa = PBXBuildFile; fileRef = 379DAFF12A5B421A0048CB7E /* RecipeCard.swift */; };
/* End PBXBuildFile section */

/* Begin PBXFileReference section */
		376CD6682A58B9BE009F20BF /* Recipe Saver.app */ = {isa = PBXFileReference; explicitFileType = wrapper.application; includeInIndex = 0; path = "Recipe Saver.app"; sourceTree = BUILT_PRODUCTS_DIR; };
		376CD66B2A58B9BE009F20BF /* Recipe_SaverApp.swift */ = {isa = PBXFileReference; lastKnownFileType = sourcecode.swift; path = Recipe_SaverApp.swift; sourceTree = "<group>"; };
		376CD66D2A58B9BE009F20BF /* ContentView.swift */ = {isa = PBXFileReference; lastKnownFileType = sourcecode.swift; path = ContentView.swift; sourceTree = "<group>"; };
		376CD66F2A58B9C1009F20BF /* Assets.xcassets */ = {isa = PBXFileReference; lastKnownFileType = folder.assetcatalog; path = Assets.xcassets; sourceTree = "<group>"; };
		376CD6712A58B9C1009F20BF /* Recipe_Saver.entitlements */ = {isa = PBXFileReference; lastKnownFileType = text.plist.entitlements; path = Recipe_Saver.entitlements; sourceTree = "<group>"; };
		376CD6732A58B9C1009F20BF /* Preview Assets.xcassets */ = {isa = PBXFileReference; lastKnownFileType = folder.assetcatalog; path = "Preview Assets.xcassets"; sourceTree = "<group>"; };
		376CD6822A58BC45009F20BF /* HomeView.swift */ = {isa = PBXFileReference; lastKnownFileType = sourcecode.swift; path = HomeView.swift; sourceTree = "<group>"; };
		376CD6842A58BC6E009F20BF /* CategoriesView.swift */ = {isa = PBXFileReference; lastKnownFileType = sourcecode.swift; path = CategoriesView.swift; sourceTree = "<group>"; };
		376CD6862A58BC94009F20BF /* NewRecipeView.swift */ = {isa = PBXFileReference; lastKnownFileType = sourcecode.swift; path = NewRecipeView.swift; sourceTree = "<group>"; };
		376CD6882A58BCA8009F20BF /* FavoritesView.swift */ = {isa = PBXFileReference; lastKnownFileType = sourcecode.swift; path = FavoritesView.swift; sourceTree = "<group>"; };
		376CD68A2A58BCB9009F20BF /* SettingsView.swift */ = {isa = PBXFileReference; lastKnownFileType = sourcecode.swift; path = SettingsView.swift; sourceTree = "<group>"; };
		376CD68C2A58C183009F20BF /* TabBar.swift */ = {isa = PBXFileReference; lastKnownFileType = sourcecode.swift; path = TabBar.swift; sourceTree = "<group>"; };
		379DAFEF2A5B2F370048CB7E /* RecipeModel.swift */ = {isa = PBXFileReference; lastKnownFileType = sourcecode.swift; path = RecipeModel.swift; sourceTree = "<group>"; };
		379DAFF12A5B421A0048CB7E /* RecipeCard.swift */ = {isa = PBXFileReference; lastKnownFileType = sourcecode.swift; path = RecipeCard.swift; sourceTree = "<group>"; };
/* End PBXFileReference section */

/* Begin PBXFrameworksBuildPhase section */
		376CD6652A58B9BE009F20BF /* Frameworks */ = {
			isa = PBXFrameworksBuildPhase;
			buildActionMask = 2147483647;
			files = (
			);
			runOnlyForDeploymentPostprocessing = 0;
		};
/* End PBXFrameworksBuildPhase section */

/* Begin PBXGroup section */
		376CD65F2A58B9BE009F20BF = {
			isa = PBXGroup;
			children = (
				376CD66A2A58B9BE009F20BF /* Recipe Saver */,
				376CD6692A58B9BE009F20BF /* Products */,
			);
			sourceTree = "<group>";
		};
		376CD6692A58B9BE009F20BF /* Products */ = {
			isa = PBXGroup;
			children = (
				376CD6682A58B9BE009F20BF /* Recipe Saver.app */,
			);
			name = Products;
			sourceTree = "<group>";
		};
		376CD66A2A58B9BE009F20BF /* Recipe Saver */ = {
			isa = PBXGroup;
			children = (
				376CD66B2A58B9BE009F20BF /* Recipe_SaverApp.swift */,
				376CD67A2A58BA74009F20BF /* Views */,
				376CD67C2A58BAA8009F20BF /* ViewsModels */,
				376CD67D2A58BAB9009F20BF /* Models */,
				376CD66F2A58B9C1009F20BF /* Assets.xcassets */,
				376CD6722A58B9C1009F20BF /* Preview Content */,
			);
			path = "Recipe Saver";
			sourceTree = "<group>";
		};
		376CD6722A58B9C1009F20BF /* Preview Content */ = {
			isa = PBXGroup;
			children = (
				376CD6732A58B9C1009F20BF /* Preview Assets.xcassets */,
			);
			path = "Preview Content";
			sourceTree = "<group>";
		};
		376CD67A2A58BA74009F20BF /* Views */ = {
			isa = PBXGroup;
			children = (
				376CD67E2A58BAD5009F20BF /* Main */,
			);
			path = Views;
			sourceTree = "<group>";
		};
		376CD67C2A58BAA8009F20BF /* ViewsModels */ = {
			isa = PBXGroup;
			children = (
			);
			path = ViewsModels;
			sourceTree = "<group>";
		};
		376CD67D2A58BAB9009F20BF /* Models */ = {
			isa = PBXGroup;
			children = (
				376CD6712A58B9C1009F20BF /* Recipe_Saver.entitlements */,
				379DAFEF2A5B2F370048CB7E /* RecipeModel.swift */,
			);
			path = Models;
			sourceTree = "<group>";
		};
		376CD67E2A58BAD5009F20BF /* Main */ = {
			isa = PBXGroup;
			children = (
				376CD66D2A58B9BE009F20BF /* ContentView.swift */,
				376CD68C2A58C183009F20BF /* TabBar.swift */,
				376CD6822A58BC45009F20BF /* HomeView.swift */,
				376CD6842A58BC6E009F20BF /* CategoriesView.swift */,
				376CD6862A58BC94009F20BF /* NewRecipeView.swift */,
				376CD6882A58BCA8009F20BF /* FavoritesView.swift */,
				376CD68A2A58BCB9009F20BF /* SettingsView.swift */,
				376CD67F2A58BAEB009F20BF /* Details */,
				376CD6812A58BB14009F20BF /* Components */,
			);
			path = Main;
			sourceTree = "<group>";
		};
		376CD67F2A58BAEB009F20BF /* Details */ = {
			isa = PBXGroup;
			children = (
			);
			path = Details;
			sourceTree = "<group>";
		};
		376CD6812A58BB14009F20BF /* Components */ = {
			isa = PBXGroup;
			children = (
				379DAFF12A5B421A0048CB7E /* RecipeCard.swift */,
			);
			path = Components;
			sourceTree = "<group>";
		};
/* End PBXGroup section */

/* Begin PBXNativeTarget section */
		376CD6672A58B9BE009F20BF /* Recipe Saver */ = {
			isa = PBXNativeTarget;
			buildConfigurationList = 376CD6772A58B9C1009F20BF /* Build configuration list for PBXNativeTarget "Recipe Saver" */;
			buildPhases = (
				376CD6642A58B9BE009F20BF /* Sources */,
				376CD6652A58B9BE009F20BF /* Frameworks */,
				376CD6662A58B9BE009F20BF /* Resources */,
			);
			buildRules = (
			);
			dependencies = (
			);
			name = "Recipe Saver";
			productName = "Recipe Saver";
			productReference = 376CD6682A58B9BE009F20BF /* Recipe Saver.app */;
			productType = "com.apple.product-type.application";
		};
/* End PBXNativeTarget section */

/* Begin PBXProject section */
		376CD6602A58B9BE009F20BF /* Project object */ = {
			isa = PBXProject;
			attributes = {
				BuildIndependentTargetsInParallel = 1;
				LastSwiftUpdateCheck = 1430;
				LastUpgradeCheck = 1430;
				TargetAttributes = {
					376CD6672A58B9BE009F20BF = {
						CreatedOnToolsVersion = 14.3.1;
					};
				};
			};
			buildConfigurationList = 376CD6632A58B9BE009F20BF /* Build configuration list for PBXProject "Recipe Saver" */;
			compatibilityVersion = "Xcode 14.0";
			developmentRegion = en;
			hasScannedForEncodings = 0;
			knownRegions = (
				en,
				Base,
			);
			mainGroup = 376CD65F2A58B9BE009F20BF;
			productRefGroup = 376CD6692A58B9BE009F20BF /* Products */;
			projectDirPath = "";
			projectRoot = "";
			targets = (
				376CD6672A58B9BE009F20BF /* Recipe Saver */,
			);
		};
/* End PBXProject section */

/* Begin PBXResourcesBuildPhase section */
		376CD6662A58B9BE009F20BF /* Resources */ = {
			isa = PBXResourcesBuildPhase;
			buildActionMask = 2147483647;
			files = (
				376CD6742A58B9C1009F20BF /* Preview Assets.xcassets in Resources */,
				376CD6702A58B9C1009F20BF /* Assets.xcassets in Resources */,
			);
			runOnlyForDeploymentPostprocessing = 0;
		};
/* End PBXResourcesBuildPhase section */

/* Begin PBXSourcesBuildPhase section */
		376CD6642A58B9BE009F20BF /* Sources */ = {
			isa = PBXSourcesBuildPhase;
			buildActionMask = 2147483647;
			files = (
				376CD68B2A58BCB9009F20BF /* SettingsView.swift in Sources */,
				379DAFF22A5B421A0048CB7E /* RecipeCard.swift in Sources */,
				376CD6852A58BC6E009F20BF /* CategoriesView.swift in Sources */,
				376CD68D2A58C183009F20BF /* TabBar.swift in Sources */,
				376CD6872A58BC94009F20BF /* NewRecipeView.swift in Sources */,
				376CD6892A58BCA8009F20BF /* FavoritesView.swift in Sources */,
				376CD6832A58BC45009F20BF /* HomeView.swift in Sources */,
				376CD66E2A58B9BE009F20BF /* ContentView.swift in Sources */,
				376CD66C2A58B9BE009F20BF /* Recipe_SaverApp.swift in Sources */,
				379DAFF02A5B2F370048CB7E /* RecipeModel.swift in Sources */,
			);
			runOnlyForDeploymentPostprocessing = 0;
		};
/* End PBXSourcesBuildPhase section */

/* Begin XCBuildConfiguration section */
		376CD6752A58B9C1009F20BF /* Debug */ = {
			isa = XCBuildConfiguration;
			buildSettings = {
				ALWAYS_SEARCH_USER_PATHS = NO;
				CLANG_ANALYZER_NONNULL = YES;
				CLANG_ANALYZER_NUMBER_OBJECT_CONVERSION = YES_AGGRESSIVE;
				CLANG_CXX_LANGUAGE_STANDARD = "gnu++20";
				CLANG_ENABLE_MODULES = YES;
				CLANG_ENABLE_OBJC_ARC = YES;
				CLANG_ENABLE_OBJC_WEAK = YES;
				CLANG_WARN_BLOCK_CAPTURE_AUTORELEASING = YES;
				CLANG_WARN_BOOL_CONVERSION = YES;
				CLANG_WARN_COMMA = YES;
				CLANG_WARN_CONSTANT_CONVERSION = YES;
				CLANG_WARN_DEPRECATED_OBJC_IMPLEMENTATIONS = YES;
				CLANG_WARN_DIRECT_OBJC_ISA_USAGE = YES_ERROR;
				CLANG_WARN_DOCUMENTATION_COMMENTS = YES;
				CLANG_WARN_EMPTY_BODY = YES;
				CLANG_WARN_ENUM_CONVERSION = YES;
				CLANG_WARN_INFINITE_RECURSION = YES;
				CLANG_WARN_INT_CONVERSION = YES;
				CLANG_WARN_NON_LITERAL_NULL_CONVERSION = YES;
				CLANG_WARN_OBJC_IMPLICIT_RETAIN_SELF = YES;
				CLANG_WARN_OBJC_LITERAL_CONVERSION = YES;
				CLANG_WARN_OBJC_ROOT_CLASS = YES_ERROR;
				CLANG_WARN_QUOTED_INCLUDE_IN_FRAMEWORK_HEADER = YES;
				CLANG_WARN_RANGE_LOOP_ANALYSIS = YES;
				CLANG_WARN_STRICT_PROTOTYPES = YES;
				CLANG_WARN_SUSPICIOUS_MOVE = YES;
				CLANG_WARN_UNGUARDED_AVAILABILITY = YES_AGGRESSIVE;
				CLANG_WARN_UNREACHABLE_CODE = YES;
				CLANG_WARN__DUPLICATE_METHOD_MATCH = YES;
				COPY_PHASE_STRIP = NO;
				DEBUG_INFORMATION_FORMAT = dwarf;
				ENABLE_STRICT_OBJC_MSGSEND = YES;
				ENABLE_TESTABILITY = YES;
				GCC_C_LANGUAGE_STANDARD = gnu11;
				GCC_DYNAMIC_NO_PIC = NO;
				GCC_NO_COMMON_BLOCKS = YES;
				GCC_OPTIMIZATION_LEVEL = 0;
				GCC_PREPROCESSOR_DEFINITIONS = (
					"DEBUG=1",
					"$(inherited)",
				);
				GCC_WARN_64_TO_32_BIT_CONVERSION = YES;
				GCC_WARN_ABOUT_RETURN_TYPE = YES_ERROR;
				GCC_WARN_UNDECLARED_SELECTOR = YES;
				GCC_WARN_UNINITIALIZED_AUTOS = YES_AGGRESSIVE;
				GCC_WARN_UNUSED_FUNCTION = YES;
				GCC_WARN_UNUSED_VARIABLE = YES;
				IPHONEOS_DEPLOYMENT_TARGET = 16.4;
				MTL_ENABLE_DEBUG_INFO = INCLUDE_SOURCE;
				MTL_FAST_MATH = YES;
				ONLY_ACTIVE_ARCH = YES;
				SWIFT_ACTIVE_COMPILATION_CONDITIONS = DEBUG;
				SWIFT_OPTIMIZATION_LEVEL = "-Onone";
			};
			name = Debug;
		};
		376CD6762A58B9C1009F20BF /* Release */ = {
			isa = XCBuildConfiguration;
			buildSettings = {
				ALWAYS_SEARCH_USER_PATHS = NO;
				CLANG_ANALYZER_NONNULL = YES;
				CLANG_ANALYZER_NUMBER_OBJECT_CONVERSION = YES_AGGRESSIVE;
				CLANG_CXX_LANGUAGE_STANDARD = "gnu++20";
				CLANG_ENABLE_MODULES = YES;
				CLANG_ENABLE_OBJC_ARC = YES;
				CLANG_ENABLE_OBJC_WEAK = YES;
				CLANG_WARN_BLOCK_CAPTURE_AUTORELEASING = YES;
				CLANG_WARN_BOOL_CONVERSION = YES;
				CLANG_WARN_COMMA = YES;
				CLANG_WARN_CONSTANT_CONVERSION = YES;
				CLANG_WARN_DEPRECATED_OBJC_IMPLEMENTATIONS = YES;
				CLANG_WARN_DIRECT_OBJC_ISA_USAGE = YES_ERROR;
				CLANG_WARN_DOCUMENTATION_COMMENTS = YES;
				CLANG_WARN_EMPTY_BODY = YES;
				CLANG_WARN_ENUM_CONVERSION = YES;
				CLANG_WARN_INFINITE_RECURSION = YES;
				CLANG_WARN_INT_CONVERSION = YES;
				CLANG_WARN_NON_LITERAL_NULL_CONVERSION = YES;
				CLANG_WARN_OBJC_IMPLICIT_RETAIN_SELF = YES;
				CLANG_WARN_OBJC_LITERAL_CONVERSION = YES;
				CLANG_WARN_OBJC_ROOT_CLASS = YES_ERROR;
				CLANG_WARN_QUOTED_INCLUDE_IN_FRAMEWORK_HEADER = YES;
				CLANG_WARN_RANGE_LOOP_ANALYSIS = YES;
				CLANG_WARN_STRICT_PROTOTYPES = YES;
				CLANG_WARN_SUSPICIOUS_MOVE = YES;
				CLANG_WARN_UNGUARDED_AVAILABILITY = YES_AGGRESSIVE;
				CLANG_WARN_UNREACHABLE_CODE = YES;
				CLANG_WARN__DUPLICATE_METHOD_MATCH = YES;
				COPY_PHASE_STRIP = NO;
				DEBUG_INFORMATION_FORMAT = "dwarf-with-dsym";
				ENABLE_NS_ASSERTIONS = NO;
				ENABLE_STRICT_OBJC_MSGSEND = YES;
				GCC_C_LANGUAGE_STANDARD = gnu11;
				GCC_NO_COMMON_BLOCKS = YES;
				GCC_WARN_64_TO_32_BIT_CONVERSION = YES;
				GCC_WARN_ABOUT_RETURN_TYPE = YES_ERROR;
				GCC_WARN_UNDECLARED_SELECTOR = YES;
				GCC_WARN_UNINITIALIZED_AUTOS = YES_AGGRESSIVE;
				GCC_WARN_UNUSED_FUNCTION = YES;
				GCC_WARN_UNUSED_VARIABLE = YES;
				IPHONEOS_DEPLOYMENT_TARGET = 16.4;
				MTL_ENABLE_DEBUG_INFO = NO;
				MTL_FAST_MATH = YES;
				SWIFT_COMPILATION_MODE = wholemodule;
				SWIFT_OPTIMIZATION_LEVEL = "-O";
			};
			name = Release;
		};
		376CD6782A58B9C1009F20BF /* Debug */ = {
			isa = XCBuildConfiguration;
			buildSettings = {
				ASSETCATALOG_COMPILER_APPICON_NAME = AppIcon;
				ASSETCATALOG_COMPILER_GLOBAL_ACCENT_COLOR_NAME = AccentColor;
				CODE_SIGN_ENTITLEMENTS = "Recipe Saver/Recipe_Saver.entitlements";
				CODE_SIGN_STYLE = Automatic;
				CURRENT_PROJECT_VERSION = 1;
				DEVELOPMENT_ASSET_PATHS = "\"Recipe Saver/Preview Content\"";
				ENABLE_PREVIEWS = YES;
				GENERATE_INFOPLIST_FILE = YES;
				"INFOPLIST_KEY_UIApplicationSceneManifest_Generation[sdk=iphoneos*]" = YES;
				"INFOPLIST_KEY_UIApplicationSceneManifest_Generation[sdk=iphonesimulator*]" = YES;
				"INFOPLIST_KEY_UIApplicationSupportsIndirectInputEvents[sdk=iphoneos*]" = YES;
				"INFOPLIST_KEY_UIApplicationSupportsIndirectInputEvents[sdk=iphonesimulator*]" = YES;
				"INFOPLIST_KEY_UILaunchScreen_Generation[sdk=iphoneos*]" = YES;
				"INFOPLIST_KEY_UILaunchScreen_Generation[sdk=iphonesimulator*]" = YES;
				"INFOPLIST_KEY_UIStatusBarStyle[sdk=iphoneos*]" = UIStatusBarStyleDefault;
				"INFOPLIST_KEY_UIStatusBarStyle[sdk=iphonesimulator*]" = UIStatusBarStyleDefault;
				INFOPLIST_KEY_UISupportedInterfaceOrientations_iPad = "UIInterfaceOrientationPortrait UIInterfaceOrientationPortraitUpsideDown UIInterfaceOrientationLandscapeLeft UIInterfaceOrientationLandscapeRight";
				INFOPLIST_KEY_UISupportedInterfaceOrientations_iPhone = "UIInterfaceOrientationPortrait UIInterfaceOrientationLandscapeLeft UIInterfaceOrientationLandscapeRight";
				IPHONEOS_DEPLOYMENT_TARGET = 16.4;
				LD_RUNPATH_SEARCH_PATHS = "@executable_path/Frameworks";
				"LD_RUNPATH_SEARCH_PATHS[sdk=macosx*]" = "@executable_path/../Frameworks";
				MACOSX_DEPLOYMENT_TARGET = 13.3;
				MARKETING_VERSION = 1.0;
				PRODUCT_BUNDLE_IDENTIFIER = "com.alena.Recipe-Saver";
				PRODUCT_NAME = "$(TARGET_NAME)";
				SDKROOT = auto;
				SUPPORTED_PLATFORMS = "iphoneos iphonesimulator macosx";
				SWIFT_EMIT_LOC_STRINGS = YES;
				SWIFT_VERSION = 5.0;
				TARGETED_DEVICE_FAMILY = "1,2";
			};
			name = Debug;
		};
		376CD6792A58B9C1009F20BF /* Release */ = {
			isa = XCBuildConfiguration;
			buildSettings = {
				ASSETCATALOG_COMPILER_APPICON_NAME = AppIcon;
				ASSETCATALOG_COMPILER_GLOBAL_ACCENT_COLOR_NAME = AccentColor;
				CODE_SIGN_ENTITLEMENTS = "Recipe Saver/Recipe_Saver.entitlements";
				CODE_SIGN_STYLE = Automatic;
				CURRENT_PROJECT_VERSION = 1;
				DEVELOPMENT_ASSET_PATHS = "\"Recipe Saver/Preview Content\"";
				ENABLE_PREVIEWS = YES;
				GENERATE_INFOPLIST_FILE = YES;
				"INFOPLIST_KEY_UIApplicationSceneManifest_Generation[sdk=iphoneos*]" = YES;
				"INFOPLIST_KEY_UIApplicationSceneManifest_Generation[sdk=iphonesimulator*]" = YES;
				"INFOPLIST_KEY_UIApplicationSupportsIndirectInputEvents[sdk=iphoneos*]" = YES;
				"INFOPLIST_KEY_UIApplicationSupportsIndirectInputEvents[sdk=iphonesimulator*]" = YES;
				"INFOPLIST_KEY_UILaunchScreen_Generation[sdk=iphoneos*]" = YES;
				"INFOPLIST_KEY_UILaunchScreen_Generation[sdk=iphonesimulator*]" = YES;
				"INFOPLIST_KEY_UIStatusBarStyle[sdk=iphoneos*]" = UIStatusBarStyleDefault;
				"INFOPLIST_KEY_UIStatusBarStyle[sdk=iphonesimulator*]" = UIStatusBarStyleDefault;
				INFOPLIST_KEY_UISupportedInterfaceOrientations_iPad = "UIInterfaceOrientationPortrait UIInterfaceOrientationPortraitUpsideDown UIInterfaceOrientationLandscapeLeft UIInterfaceOrientationLandscapeRight";
				INFOPLIST_KEY_UISupportedInterfaceOrientations_iPhone = "UIInterfaceOrientationPortrait UIInterfaceOrientationLandscapeLeft UIInterfaceOrientationLandscapeRight";
				IPHONEOS_DEPLOYMENT_TARGET = 16.4;
				LD_RUNPATH_SEARCH_PATHS = "@executable_path/Frameworks";
				"LD_RUNPATH_SEARCH_PATHS[sdk=macosx*]" = "@executable_path/../Frameworks";
				MACOSX_DEPLOYMENT_TARGET = 13.3;
				MARKETING_VERSION = 1.0;
				PRODUCT_BUNDLE_IDENTIFIER = "com.alena.Recipe-Saver";
				PRODUCT_NAME = "$(TARGET_NAME)";
				SDKROOT = auto;
				SUPPORTED_PLATFORMS = "iphoneos iphonesimulator macosx";
				SWIFT_EMIT_LOC_STRINGS = YES;
				SWIFT_VERSION = 5.0;
				TARGETED_DEVICE_FAMILY = "1,2";
			};
			name = Release;
		};
/* End XCBuildConfiguration section */

/* Begin XCConfigurationList section */
		376CD6632A58B9BE009F20BF /* Build configuration list for PBXProject "Recipe Saver" */ = {
			isa = XCConfigurationList;
			buildConfigurations = (
				376CD6752A58B9C1009F20BF /* Debug */,
				376CD6762A58B9C1009F20BF /* Release */,
			);
			defaultConfigurationIsVisible = 0;
			defaultConfigurationName = Release;
		};
		376CD6772A58B9C1009F20BF /* Build configuration list for PBXNativeTarget "Recipe Saver" */ = {
			isa = XCConfigurationList;
			buildConfigurations = (
				376CD6782A58B9C1009F20BF /* Debug */,
				376CD6792A58B9C1009F20BF /* Release */,
			);
			defaultConfigurationIsVisible = 0;
			defaultConfigurationName = Release;
		};
/* End XCConfigurationList section */
	};
	rootObject = 376CD6602A58B9BE009F20BF /* Project object */;
}
